// !$*UTF8*$!
{
	archiveVersion = 1;
	classes = {
	};
	objectVersion = 46;
	objects = {

/* Begin PBXBuildFile section */
		3FF2413A1A70055000123009 /* AppDelegate.swift in Sources */ = {isa = PBXBuildFile; fileRef = 3FF241391A70055000123009 /* AppDelegate.swift */; };
		3FF2413C1A70055000123009 /* ViewController.swift in Sources */ = {isa = PBXBuildFile; fileRef = 3FF2413B1A70055000123009 /* ViewController.swift */; };
		3FF2413F1A70055000123009 /* Main.storyboard in Resources */ = {isa = PBXBuildFile; fileRef = 3FF2413D1A70055000123009 /* Main.storyboard */; };
		3FF241411A70055000123009 /* Images.xcassets in Resources */ = {isa = PBXBuildFile; fileRef = 3FF241401A70055000123009 /* Images.xcassets */; };
		3FF241441A70055000123009 /* LaunchScreen.xib in Resources */ = {isa = PBXBuildFile; fileRef = 3FF241421A70055000123009 /* LaunchScreen.xib */; };
		3FF241501A70055200123009 /* PizzaDemoTests.swift in Sources */ = {isa = PBXBuildFile; fileRef = 3FF2414F1A70055200123009 /* PizzaDemoTests.swift */; };
/* End PBXBuildFile section */

/* Begin PBXContainerItemProxy section */
		3FF2414A1A70055200123009 /* PBXContainerItemProxy */ = {
			isa = PBXContainerItemProxy;
			containerPortal = 3FF2412C1A70054F00123009 /* Project object */;
			proxyType = 1;
			remoteGlobalIDString = 3FF241331A70055000123009;
			remoteInfo = PizzaDemo;
		};
/* End PBXContainerItemProxy section */

/* Begin PBXFileReference section */
		3FF241341A70055000123009 /* PizzaDemo.app */ = {isa = PBXFileReference; explicitFileType = wrapper.application; includeInIndex = 0; path = PizzaDemo.app; sourceTree = BUILT_PRODUCTS_DIR; };
		3FF241381A70055000123009 /* Info.plist */ = {isa = PBXFileReference; lastKnownFileType = text.plist.xml; path = Info.plist; sourceTree = "<group>"; };
		3FF241391A70055000123009 /* AppDelegate.swift */ = {isa = PBXFileReference; lastKnownFileType = sourcecode.swift; path = AppDelegate.swift; sourceTree = "<group>"; };
		3FF2413B1A70055000123009 /* ViewController.swift */ = {isa = PBXFileReference; lastKnownFileType = sourcecode.swift; path = ViewController.swift; sourceTree = "<group>"; };
		3FF2413E1A70055000123009 /* Base */ = {isa = PBXFileReference; lastKnownFileType = file.storyboard; name = Base; path = Base.lproj/Main.storyboard; sourceTree = "<group>"; };
		3FF241401A70055000123009 /* Images.xcassets */ = {isa = PBXFileReference; lastKnownFileType = folder.assetcatalog; path = Images.xcassets; sourceTree = "<group>"; };
		3FF241431A70055000123009 /* Base */ = {isa = PBXFileReference; lastKnownFileType = file.xib; name = Base; path = Base.lproj/LaunchScreen.xib; sourceTree = "<group>"; };
		3FF241491A70055200123009 /* PizzaDemoTests.xctest */ = {isa = PBXFileReference; explicitFileType = wrapper.cfbundle; includeInIndex = 0; path = PizzaDemoTests.xctest; sourceTree = BUILT_PRODUCTS_DIR; };
		3FF2414E1A70055200123009 /* Info.plist */ = {isa = PBXFileReference; lastKnownFileType = text.plist.xml; path = Info.plist; sourceTree = "<group>"; };
		3FF2414F1A70055200123009 /* PizzaDemoTests.swift */ = {isa = PBXFileReference; lastKnownFileType = sourcecode.swift; path = PizzaDemoTests.swift; sourceTree = "<group>"; };
/* End PBXFileReference section */

/* Begin PBXFrameworksBuildPhase section */
		3FF241311A70055000123009 /* Frameworks */ = {
			isa = PBXFrameworksBuildPhase;
			buildActionMask = 2147483647;
			files = (
			);
			runOnlyForDeploymentPostprocessing = 0;
		};
		3FF241461A70055200123009 /* Frameworks */ = {
			isa = PBXFrameworksBuildPhase;
			buildActionMask = 2147483647;
			files = (
			);
			runOnlyForDeploymentPostprocessing = 0;
		};
/* End PBXFrameworksBuildPhase section */

/* Begin PBXGroup section */
		3FF2412B1A70054F00123009 = {
			isa = PBXGroup;
			children = (
				3FF241361A70055000123009 /* PizzaDemo */,
				3FF2414C1A70055200123009 /* PizzaDemoTests */,
				3FF241351A70055000123009 /* Products */,
			);
			sourceTree = "<group>";
		};
		3FF241351A70055000123009 /* Products */ = {
			isa = PBXGroup;
			children = (
				3FF241341A70055000123009 /* PizzaDemo.app */,
				3FF241491A70055200123009 /* PizzaDemoTests.xctest */,
			);
			name = Products;
			sourceTree = "<group>";
		};
		3FF241361A70055000123009 /* PizzaDemo */ = {
			isa = PBXGroup;
			children = (
				3FF241391A70055000123009 /* AppDelegate.swift */,
				3FF2413B1A70055000123009 /* ViewController.swift */,
				3FF2413D1A70055000123009 /* Main.storyboard */,
				3FF241401A70055000123009 /* Images.xcassets */,
				3FF241421A70055000123009 /* LaunchScreen.xib */,
				3FF241371A70055000123009 /* Supporting Files */,
			);
			path = PizzaDemo;
			sourceTree = "<group>";
		};
		3FF241371A70055000123009 /* Supporting Files */ = {
			isa = PBXGroup;
			children = (
				3FF241381A70055000123009 /* Info.plist */,
			);
			name = "Supporting Files";
			sourceTree = "<group>";
		};
		3FF2414C1A70055200123009 /* PizzaDemoTests */ = {
			isa = PBXGroup;
			children = (
				3FF2414F1A70055200123009 /* PizzaDemoTests.swift */,
				3FF2414D1A70055200123009 /* Supporting Files */,
			);
			path = PizzaDemoTests;
			sourceTree = "<group>";
		};
		3FF2414D1A70055200123009 /* Supporting Files */ = {
			isa = PBXGroup;
			children = (
				3FF2414E1A70055200123009 /* Info.plist */,
			);
			name = "Supporting Files";
			sourceTree = "<group>";
		};
/* End PBXGroup section */

/* Begin PBXNativeTarget section */
		3FF241331A70055000123009 /* PizzaDemo */ = {
			isa = PBXNativeTarget;
			buildConfigurationList = 3FF241531A70055200123009 /* Build configuration list for PBXNativeTarget "PizzaDemo" */;
			buildPhases = (
				3FF241301A70055000123009 /* Sources */,
				3FF241311A70055000123009 /* Frameworks */,
				3FF241321A70055000123009 /* Resources */,
			);
			buildRules = (
			);
			dependencies = (
			);
			name = PizzaDemo;
			productName = PizzaDemo;
			productReference = 3FF241341A70055000123009 /* PizzaDemo.app */;
			productType = "com.apple.product-type.application";
		};
		3FF241481A70055200123009 /* PizzaDemoTests */ = {
			isa = PBXNativeTarget;
			buildConfigurationList = 3FF241561A70055200123009 /* Build configuration list for PBXNativeTarget "PizzaDemoTests" */;
			buildPhases = (
				3FF241451A70055200123009 /* Sources */,
				3FF241461A70055200123009 /* Frameworks */,
				3FF241471A70055200123009 /* Resources */,
			);
			buildRules = (
			);
			dependencies = (
				3FF2414B1A70055200123009 /* PBXTargetDependency */,
			);
			name = PizzaDemoTests;
			productName = PizzaDemoTests;
			productReference = 3FF241491A70055200123009 /* PizzaDemoTests.xctest */;
			productType = "com.apple.product-type.bundle.unit-test";
		};
/* End PBXNativeTarget section */

/* Begin PBXProject section */
		3FF2412C1A70054F00123009 /* Project object */ = {
			isa = PBXProject;
			attributes = {
				LastUpgradeCheck = 0610;
				ORGANIZATIONNAME = asu;
				TargetAttributes = {
					3FF241331A70055000123009 = {
						CreatedOnToolsVersion = 6.1.1;
					};
					3FF241481A70055200123009 = {
						CreatedOnToolsVersion = 6.1.1;
						TestTargetID = 3FF241331A70055000123009;
					};
				};
			};
			buildConfigurationList = 3FF2412F1A70054F00123009 /* Build configuration list for PBXProject "PizzaDemo" */;
			compatibilityVersion = "Xcode 3.2";
			developmentRegion = English;
			hasScannedForEncodings = 0;
			knownRegions = (
				en,
				Base,
			);
			mainGroup = 3FF2412B1A70054F00123009;
			productRefGroup = 3FF241351A70055000123009 /* Products */;
			projectDirPath = "";
			projectRoot = "";
			targets = (
				3FF241331A70055000123009 /* PizzaDemo */,
				3FF241481A70055200123009 /* PizzaDemoTests */,
			);
		};
/* End PBXProject section */

/* Begin PBXResourcesBuildPhase section */
		3FF241321A70055000123009 /* Resources */ = {
			isa = PBXResourcesBuildPhase;
			buildActionMask = 2147483647;
			files = (
				3FF2413F1A70055000123009 /* Main.storyboard in Resources */,
				3FF241441A70055000123009 /* LaunchScreen.xib in Resources */,
				3FF241411A70055000123009 /* Images.xcassets in Resources */,
			);
			runOnlyForDeploymentPostprocessing = 0;
		};
		3FF241471A70055200123009 /* Resources */ = {
			isa = PBXResourcesBuildPhase;
			buildActionMask = 2147483647;
			files = (
			);
			runOnlyForDeploymentPostprocessing = 0;
		};
/* End PBXResourcesBuildPhase section */

/* Begin PBXSourcesBuildPhase section */
		3FF241301A70055000123009 /* Sources */ = {
			isa = PBXSourcesBuildPhase;
			buildActionMask = 2147483647;
			files = (
				3FF2413C1A70055000123009 /* ViewController.swift in Sources */,
				3FF2413A1A70055000123009 /* AppDelegate.swift in Sources */,
			);
			runOnlyForDeploymentPostprocessing = 0;
		};
		3FF241451A70055200123009 /* Sources */ = {
			isa = PBXSourcesBuildPhase;
			buildActionMask = 2147483647;
			files = (
				3FF241501A70055200123009 /* PizzaDemoTests.swift in Sources */,
			);
			runOnlyForDeploymentPostprocessing = 0;
		};
/* End PBXSourcesBuildPhase section */

/* Begin PBXTargetDependency section */
		3FF2414B1A70055200123009 /* PBXTargetDependency */ = {
			isa = PBXTargetDependency;
			target = 3FF241331A70055000123009 /* PizzaDemo */;
			targetProxy = 3FF2414A1A70055200123009 /* PBXContainerItemProxy */;
		};
/* End PBXTargetDependency section */

/* Begin PBXVariantGroup section */
		3FF2413D1A70055000123009 /* Main.storyboard */ = {
			isa = PBXVariantGroup;
			children = (
				3FF2413E1A70055000123009 /* Base */,
			);
			name = Main.storyboard;
			sourceTree = "<group>";
		};
		3FF241421A70055000123009 /* LaunchScreen.xib */ = {
			isa = PBXVariantGroup;
			children = (
				3FF241431A70055000123009 /* Base */,
			);
			name = LaunchScreen.xib;
			sourceTree = "<group>";
		};
/* End PBXVariantGroup section */

/* Begin XCBuildConfiguration section */
		3FF241511A70055200123009 /* Debug */ = {
			isa = XCBuildConfiguration;
			buildSettings = {
				ALWAYS_SEARCH_USER_PATHS = NO;
				CLANG_CXX_LANGUAGE_STANDARD = "gnu++0x";
				CLANG_CXX_LIBRARY = "libc++";
				CLANG_ENABLE_MODULES = YES;
				CLANG_ENABLE_OBJC_ARC = YES;
				CLANG_WARN_BOOL_CONVERSION = YES;
				CLANG_WARN_CONSTANT_CONVERSION = YES;
				CLANG_WARN_DIRECT_OBJC_ISA_USAGE = YES_ERROR;
				CLANG_WARN_EMPTY_BODY = YES;
				CLANG_WARN_ENUM_CONVERSION = YES;
				CLANG_WARN_INT_CONVERSION = YES;
				CLANG_WARN_OBJC_ROOT_CLASS = YES_ERROR;
				CLANG_WARN_UNREACHABLE_CODE = YES;
				CLANG_WARN__DUPLICATE_METHOD_MATCH = YES;
				"CODE_SIGN_IDENTITY[sdk=iphoneos*]" = "iPhone Developer";
				COPY_PHASE_STRIP = NO;
				ENABLE_STRICT_OBJC_MSGSEND = YES;
				GCC_C_LANGUAGE_STANDARD = gnu99;
				GCC_DYNAMIC_NO_PIC = NO;
				GCC_OPTIMIZATION_LEVEL = 0;
				GCC_PREPROCESSOR_DEFINITIONS = (
					"DEBUG=1",
					"$(inherited)",
				);
				GCC_SYMBOLS_PRIVATE_EXTERN = NO;
				GCC_WARN_64_TO_32_BIT_CONVERSION = YES;
				GCC_WARN_ABOUT_RETURN_TYPE = YES_ERROR;
				GCC_WARN_UNDECLARED_SELECTOR = YES;
				GCC_WARN_UNINITIALIZED_AUTOS = YES_AGGRESSIVE;
				GCC_WARN_UNUSED_FUNCTION = YES;
				GCC_WARN_UNUSED_VARIABLE = YES;
				IPHONEOS_DEPLOYMENT_TARGET = 8.1;
				MTL_ENABLE_DEBUG_INFO = YES;
				ONLY_ACTIVE_ARCH = YES;
				SDKROOT = iphoneos;
				SWIFT_OPTIMIZATION_LEVEL = "-Onone";
			};
			name = Debug;
		};
		3FF241521A70055200123009 /* Release */ = {
			isa = XCBuildConfiguration;
			buildSettings = {
				ALWAYS_SEARCH_USER_PATHS = NO;
				CLANG_CXX_LANGUAGE_STANDARD = "gnu++0x";
				CLANG_CXX_LIBRARY = "libc++";
				CLANG_ENABLE_MODULES = YES;
				CLANG_ENABLE_OBJC_ARC = YES;
				CLANG_WARN_BOOL_CONVERSION = YES;
				CLANG_WARN_CONSTANT_CONVERSION = YES;
				CLANG_WARN_DIRECT_OBJC_ISA_USAGE = YES_ERROR;
				CLANG_WARN_EMPTY_BODY = YES;
				CLANG_WARN_ENUM_CONVERSION = YES;
				CLANG_WARN_INT_CONVERSION = YES;
				CLANG_WARN_OBJC_ROOT_CLASS = YES_ERROR;
				CLANG_WARN_UNREACHABLE_CODE = YES;
				CLANG_WARN__DUPLICATE_METHOD_MATCH = YES;
				"CODE_SIGN_IDENTITY[sdk=iphoneos*]" = "iPhone Developer";
				COPY_PHASE_STRIP = YES;
				ENABLE_NS_ASSERTIONS = NO;
				ENABLE_STRICT_OBJC_MSGSEND = YES;
				GCC_C_LANGUAGE_STANDARD = gnu99;
				GCC_WARN_64_TO_32_BIT_CONVERSION = YES;
				GCC_WARN_ABOUT_RETURN_TYPE = YES_ERROR;
				GCC_WARN_UNDECLARED_SELECTOR = YES;
				GCC_WARN_UNINITIALIZED_AUTOS = YES_AGGRESSIVE;
				GCC_WARN_UNUSED_FUNCTION = YES;
				GCC_WARN_UNUSED_VARIABLE = YES;
				IPHONEOS_DEPLOYMENT_TARGET = 8.1;
				MTL_ENABLE_DEBUG_INFO = NO;
				SDKROOT = iphoneos;
				VALIDATE_PRODUCT = YES;
			};
			name = Release;
		};
		3FF241541A70055200123009 /* Debug */ = {
			isa = XCBuildConfiguration;
			buildSettings = {
				ASSETCATALOG_COMPILER_APPICON_NAME = AppIcon;
				INFOPLIST_FILE = PizzaDemo/Info.plist;
				LD_RUNPATH_SEARCH_PATHS = "$(inherited) @executable_path/Frameworks";
				PRODUCT_NAME = "$(TARGET_NAME)";
			};
			name = Debug;
		};
		3FF241551A70055200123009 /* Release */ = {
			isa = XCBuildConfiguration;
			buildSettings = {
				ASSETCATALOG_COMPILER_APPICON_NAME = AppIcon;
				INFOPLIST_FILE = PizzaDemo/Info.plist;
				LD_RUNPATH_SEARCH_PATHS = "$(inherited) @executable_path/Frameworks";
				PRODUCT_NAME = "$(TARGET_NAME)";
			};
			name = Release;
		};
		3FF241571A70055200123009 /* Debug */ = {
			isa = XCBuildConfiguration;
			buildSettings = {
				BUNDLE_LOADER = "$(TEST_HOST)";
				FRAMEWORK_SEARCH_PATHS = (
					"$(SDKROOT)/Developer/Library/Frameworks",
					"$(inherited)",
				);
				GCC_PREPROCESSOR_DEFINITIONS = (
					"DEBUG=1",
					"$(inherited)",
				);
				INFOPLIST_FILE = PizzaDemoTests/Info.plist;
				LD_RUNPATH_SEARCH_PATHS = "$(inherited) @executable_path/Frameworks @loader_path/Frameworks";
				PRODUCT_NAME = "$(TARGET_NAME)";
				TEST_HOST = "$(BUILT_PRODUCTS_DIR)/PizzaDemo.app/PizzaDemo";
			};
			name = Debug;
		};
		3FF241581A70055200123009 /* Release */ = {
			isa = XCBuildConfiguration;
			buildSettings = {
				BUNDLE_LOADER = "$(TEST_HOST)";
				FRAMEWORK_SEARCH_PATHS = (
					"$(SDKROOT)/Developer/Library/Frameworks",
					"$(inherited)",
				);
				INFOPLIST_FILE = PizzaDemoTests/Info.plist;
				LD_RUNPATH_SEARCH_PATHS = "$(inherited) @executable_path/Frameworks @loader_path/Frameworks";
				PRODUCT_NAME = "$(TARGET_NAME)";
				TEST_HOST = "$(BUILT_PRODUCTS_DIR)/PizzaDemo.app/PizzaDemo";
			};
			name = Release;
		};
/* End XCBuildConfiguration section */

/* Begin XCConfigurationList section */
		3FF2412F1A70054F00123009 /* Build configuration list for PBXProject "PizzaDemo" */ = {
			isa = XCConfigurationList;
			buildConfigurations = (
				3FF241511A70055200123009 /* Debug */,
				3FF241521A70055200123009 /* Release */,
			);
			defaultConfigurationIsVisible = 0;
			defaultConfigurationName = Release;
		};
		3FF241531A70055200123009 /* Build configuration list for PBXNativeTarget "PizzaDemo" */ = {
			isa = XCConfigurationList;
			buildConfigurations = (
				3FF241541A70055200123009 /* Debug */,
				3FF241551A70055200123009 /* Release */,
			);
			defaultConfigurationIsVisible = 0;
		};
		3FF241561A70055200123009 /* Build configuration list for PBXNativeTarget "PizzaDemoTests" */ = {
			isa = XCConfigurationList;
			buildConfigurations = (
				3FF241571A70055200123009 /* Debug */,
				3FF241581A70055200123009 /* Release */,
			);
			defaultConfigurationIsVisible = 0;
		};
/* End XCConfigurationList section */
	};
	rootObject = 3FF2412C1A70054F00123009 /* Project object */;
}
